
Microsoft Visual Studio Solution File, Format Version 12.00
# Visual Studio Version 16
VisualStudioVersion = 16.0.29926.136
MinimumVisualStudioVersion = 10.0.40219.1
Project("{9A19103F-16F7-4668-BE54-9A1E7A4F7556}") = "CasherSys", "CasherSys\CasherSys.csproj", "{E30B9B64-34AE-47FE-B96A-E5F19B5BDAAA}"
EndProject
Project("{9A19103F-16F7-4668-BE54-9A1E7A4F7556}") = "DAL", "DAL\DAL.csproj", "{50D9412A-4B00-4012-8FBC-4968BCB7DF26}"
EndProject
Project("{9A19103F-16F7-4668-BE54-9A1E7A4F7556}") = "Repos", "Repos\Repos.csproj", "{0C71F69E-85A1-4D52-8FE3-D563FC4FE6DA}"
EndProject
Project("{9A19103F-16F7-4668-BE54-9A1E7A4F7556}") = "Services", "Services\Services.csproj", "{D809DFFE-1BE7-468B-9771-2C852D85C7BC}"
EndProject
Project("{9A19103F-16F7-4668-BE54-9A1E7A4F7556}") = "Statics", "Statics\Statics.csproj", "{2685EF2E-0433-4133-9BCA-A7908D1B95D3}"
EndProject
Project("{FAE04EC0-301F-11D3-BF4B-00C04F79EFBC}") = "Reports", "Reports\Reports.csproj", "{15550D16-5094-40EF-920F-BC947294250A}"
EndProject
Global
	GlobalSection(SolutionConfigurationPlatforms) = preSolution
		Debug|Any CPU = Debug|Any CPU
		Release|Any CPU = Release|Any CPU
	EndGlobalSection
	GlobalSection(ProjectConfigurationPlatforms) = postSolution
		{E30B9B64-34AE-47FE-B96A-E5F19B5BDAAA}.Debug|Any CPU.ActiveCfg = Debug|Any CPU
		{E30B9B64-34AE-47FE-B96A-E5F19B5BDAAA}.Debug|Any CPU.Build.0 = Debug|Any CPU
		{E30B9B64-34AE-47FE-B96A-E5F19B5BDAAA}.Release|Any CPU.ActiveCfg = Release|Any CPU
		{E30B9B64-34AE-47FE-B96A-E5F19B5BDAAA}.Release|Any CPU.Build.0 = Release|Any CPU
		{50D9412A-4B00-4012-8FBC-4968BCB7DF26}.Debug|Any CPU.ActiveCfg = Debug|Any CPU
		{50D9412A-4B00-4012-8FBC-4968BCB7DF26}.Debug|Any CPU.Build.0 = Debug|Any CPU
		{50D9412A-4B00-4012-8FBC-4968BCB7DF26}.Release|Any CPU.ActiveCfg = Release|Any CPU
		{50D9412A-4B00-4012-8FBC-4968BCB7DF26}.Release|Any CPU.Build.0 = Release|Any CPU
		{0C71F69E-85A1-4D52-8FE3-D563FC4FE6DA}.Debug|Any CPU.ActiveCfg = Debug|Any CPU
		{0C71F69E-85A1-4D52-8FE3-D563FC4FE6DA}.Debug|Any CPU.Build.0 = Debug|Any CPU
		{0C71F69E-85A1-4D52-8FE3-D563FC4FE6DA}.Release|Any CPU.ActiveCfg = Release|Any CPU
		{0C71F69E-85A1-4D52-8FE3-D563FC4FE6DA}.Release|Any CPU.Build.0 = Release|Any CPU
		{D809DFFE-1BE7-468B-9771-2C852D85C7BC}.Debug|Any CPU.ActiveCfg = Debug|Any CPU
		{D809DFFE-1BE7-468B-9771-2C852D85C7BC}.Debug|Any CPU.Build.0 = Debug|Any CPU
		{D809DFFE-1BE7-468B-9771-2C852D85C7BC}.Release|Any CPU.ActiveCfg = Release|Any CPU
		{D809DFFE-1BE7-468B-9771-2C852D85C7BC}.Release|Any CPU.Build.0 = Release|Any CPU
		{2685EF2E-0433-4133-9BCA-A7908D1B95D3}.Debug|Any CPU.ActiveCfg = Debug|Any CPU
		{2685EF2E-0433-4133-9BCA-A7908D1B95D3}.Debug|Any CPU.Build.0 = Debug|Any CPU
		{2685EF2E-0433-4133-9BCA-A7908D1B95D3}.Release|Any CPU.ActiveCfg = Release|Any CPU
		{2685EF2E-0433-4133-9BCA-A7908D1B95D3}.Release|Any CPU.Build.0 = Release|Any CPU
		{15550D16-5094-40EF-920F-BC947294250A}.Debug|Any CPU.ActiveCfg = Debug|Any CPU
		{15550D16-5094-40EF-920F-BC947294250A}.Debug|Any CPU.Build.0 = Debug|Any CPU
		{15550D16-5094-40EF-920F-BC947294250A}.Release|Any CPU.ActiveCfg = Release|Any CPU
		{15550D16-5094-40EF-920F-BC947294250A}.Release|Any CPU.Build.0 = Release|Any CPU
	EndGlobalSection
	GlobalSection(SolutionProperties) = preSolution
		HideSolutionNode = FALSE
	EndGlobalSection
	GlobalSection(ExtensibilityGlobals) = postSolution
		SolutionGuid = {D90D3808-A217-49B2-BFFF-AF41C59D05C7}
	EndGlobalSection
EndGlobal
